
Microsoft Visual Studio Solution File, Format Version 12.00
# Visual Studio Version 17
VisualStudioVersion = 17.14.36025.13
MinimumVisualStudioVersion = 10.0.40219.1
Project("{FAE04EC0-301F-11D3-BF4B-00C04F79EFBC}") = "BaseWebApp", "BaseWebApp\BaseWebApp.csproj", "{00CB618D-79A4-4552-91D9-DD11E99595B4}"
EndProject
Project("{2150E333-8FDC-42A3-9474-1A3956D46DE8}") = "WasmHosted", "WasmHosted", "{C7ABE05B-17F8-52FD-DC8B-02643D807019}"
EndProject
Project("{2150E333-8FDC-42A3-9474-1A3956D46DE8}") = "Server", "Server", "{DAAC2099-5EF0-D43E-73E1-4788EA3D22A6}"
EndProject
Project("{FAE04EC0-301F-11D3-BF4B-00C04F79EFBC}") = "WasmHosted.Server", "WasmHosted\Server\WasmHosted.Server.csproj", "{341DC7FB-CC15-44F6-8AB6-60537FE65B93}"
EndProject
Project("{2150E333-8FDC-42A3-9474-1A3956D46DE8}") = "Client", "Client", "{E183BD70-8ED4-F912-914C-AF71B2C87DD2}"
EndProject
Project("{FAE04EC0-301F-11D3-BF4B-00C04F79EFBC}") = "WasmHosted.Client", "WasmHosted\Client\WasmHosted.Client.csproj", "{33F3ACB5-B127-4F6D-8237-E431AFEF8E9F}"
EndProject
Project("{2150E333-8FDC-42A3-9474-1A3956D46DE8}") = "Shared", "Shared", "{BAA6AA49-9631-87CC-8E95-06CF43B670EC}"
EndProject
Project("{FAE04EC0-301F-11D3-BF4B-00C04F79EFBC}") = "WasmHosted.Shared", "WasmHosted\Shared\WasmHosted.Shared.csproj", "{7E30610F-2137-402A-A38C-BE94314899E9}"
EndProject
Global
	GlobalSection(SolutionConfigurationPlatforms) = preSolution
		Debug|Any CPU = Debug|Any CPU
		Debug|x64 = Debug|x64
		Debug|x86 = Debug|x86
		Release|Any CPU = Release|Any CPU
		Release|x64 = Release|x64
		Release|x86 = Release|x86
	EndGlobalSection
	GlobalSection(ProjectConfigurationPlatforms) = postSolution
		{00CB618D-79A4-4552-91D9-DD11E99595B4}.Debug|Any CPU.ActiveCfg = Debug|Any CPU
		{00CB618D-79A4-4552-91D9-DD11E99595B4}.Debug|Any CPU.Build.0 = Debug|Any CPU
		{00CB618D-79A4-4552-91D9-DD11E99595B4}.Debug|x64.ActiveCfg = Debug|Any CPU
		{00CB618D-79A4-4552-91D9-DD11E99595B4}.Debug|x64.Build.0 = Debug|Any CPU
		{00CB618D-79A4-4552-91D9-DD11E99595B4}.Debug|x86.ActiveCfg = Debug|Any CPU
		{00CB618D-79A4-4552-91D9-DD11E99595B4}.Debug|x86.Build.0 = Debug|Any CPU
		{00CB618D-79A4-4552-91D9-DD11E99595B4}.Release|Any CPU.ActiveCfg = Release|Any CPU
		{00CB618D-79A4-4552-91D9-DD11E99595B4}.Release|Any CPU.Build.0 = Release|Any CPU
		{00CB618D-79A4-4552-91D9-DD11E99595B4}.Release|x64.ActiveCfg = Release|Any CPU
		{00CB618D-79A4-4552-91D9-DD11E99595B4}.Release|x64.Build.0 = Release|Any CPU
		{00CB618D-79A4-4552-91D9-DD11E99595B4}.Release|x86.ActiveCfg = Release|Any CPU
		{00CB618D-79A4-4552-91D9-DD11E99595B4}.Release|x86.Build.0 = Release|Any CPU
		{341DC7FB-CC15-44F6-8AB6-60537FE65B93}.Debug|Any CPU.ActiveCfg = Debug|Any CPU
		{341DC7FB-CC15-44F6-8AB6-60537FE65B93}.Debug|Any CPU.Build.0 = Debug|Any CPU
		{341DC7FB-CC15-44F6-8AB6-60537FE65B93}.Debug|x64.ActiveCfg = Debug|Any CPU
		{341DC7FB-CC15-44F6-8AB6-60537FE65B93}.Debug|x64.Build.0 = Debug|Any CPU
		{341DC7FB-CC15-44F6-8AB6-60537FE65B93}.Debug|x86.ActiveCfg = Debug|Any CPU
		{341DC7FB-CC15-44F6-8AB6-60537FE65B93}.Debug|x86.Build.0 = Debug|Any CPU
		{341DC7FB-CC15-44F6-8AB6-60537FE65B93}.Release|Any CPU.ActiveCfg = Release|Any CPU
		{341DC7FB-CC15-44F6-8AB6-60537FE65B93}.Release|Any CPU.Build.0 = Release|Any CPU
		{341DC7FB-CC15-44F6-8AB6-60537FE65B93}.Release|x64.ActiveCfg = Release|Any CPU
		{341DC7FB-CC15-44F6-8AB6-60537FE65B93}.Release|x64.Build.0 = Release|Any CPU
		{341DC7FB-CC15-44F6-8AB6-60537FE65B93}.Release|x86.ActiveCfg = Release|Any CPU
		{341DC7FB-CC15-44F6-8AB6-60537FE65B93}.Release|x86.Build.0 = Release|Any CPU
		{33F3ACB5-B127-4F6D-8237-E431AFEF8E9F}.Debug|Any CPU.ActiveCfg = Debug|Any CPU
		{33F3ACB5-B127-4F6D-8237-E431AFEF8E9F}.Debug|Any CPU.Build.0 = Debug|Any CPU
		{33F3ACB5-B127-4F6D-8237-E431AFEF8E9F}.Debug|x64.ActiveCfg = Debug|Any CPU
		{33F3ACB5-B127-4F6D-8237-E431AFEF8E9F}.Debug|x64.Build.0 = Debug|Any CPU
		{33F3ACB5-B127-4F6D-8237-E431AFEF8E9F}.Debug|x86.ActiveCfg = Debug|Any CPU
		{33F3ACB5-B127-4F6D-8237-E431AFEF8E9F}.Debug|x86.Build.0 = Debug|Any CPU
		{33F3ACB5-B127-4F6D-8237-E431AFEF8E9F}.Release|Any CPU.ActiveCfg = Release|Any CPU
		{33F3ACB5-B127-4F6D-8237-E431AFEF8E9F}.Release|Any CPU.Build.0 = Release|Any CPU
		{33F3ACB5-B127-4F6D-8237-E431AFEF8E9F}.Release|x64.ActiveCfg = Release|Any CPU
		{33F3ACB5-B127-4F6D-8237-E431AFEF8E9F}.Release|x64.Build.0 = Release|Any CPU
		{33F3ACB5-B127-4F6D-8237-E431AFEF8E9F}.Release|x86.ActiveCfg = Release|Any CPU
		{33F3ACB5-B127-4F6D-8237-E431AFEF8E9F}.Release|x86.Build.0 = Release|Any CPU
		{7E30610F-2137-402A-A38C-BE94314899E9}.Debug|Any CPU.ActiveCfg = Debug|Any CPU
		{7E30610F-2137-402A-A38C-BE94314899E9}.Debug|Any CPU.Build.0 = Debug|Any CPU
		{7E30610F-2137-402A-A38C-BE94314899E9}.Debug|x64.ActiveCfg = Debug|Any CPU
		{7E30610F-2137-402A-A38C-BE94314899E9}.Debug|x64.Build.0 = Debug|Any CPU
		{7E30610F-2137-402A-A38C-BE94314899E9}.Debug|x86.ActiveCfg = Debug|Any CPU
		{7E30610F-2137-402A-A38C-BE94314899E9}.Debug|x86.Build.0 = Debug|Any CPU
		{7E30610F-2137-402A-A38C-BE94314899E9}.Release|Any CPU.ActiveCfg = Release|Any CPU
		{7E30610F-2137-402A-A38C-BE94314899E9}.Release|Any CPU.Build.0 = Release|Any CPU
		{7E30610F-2137-402A-A38C-BE94314899E9}.Release|x64.ActiveCfg = Release|Any CPU
		{7E30610F-2137-402A-A38C-BE94314899E9}.Release|x64.Build.0 = Release|Any CPU
		{7E30610F-2137-402A-A38C-BE94314899E9}.Release|x86.ActiveCfg = Release|Any CPU
		{7E30610F-2137-402A-A38C-BE94314899E9}.Release|x86.Build.0 = Release|Any CPU
	EndGlobalSection
	GlobalSection(SolutionProperties) = preSolution
		HideSolutionNode = FALSE
	EndGlobalSection
	GlobalSection(NestedProjects) = preSolution
		{DAAC2099-5EF0-D43E-73E1-4788EA3D22A6} = {C7ABE05B-17F8-52FD-DC8B-02643D807019}
		{341DC7FB-CC15-44F6-8AB6-60537FE65B93} = {DAAC2099-5EF0-D43E-73E1-4788EA3D22A6}
		{E183BD70-8ED4-F912-914C-AF71B2C87DD2} = {C7ABE05B-17F8-52FD-DC8B-02643D807019}
		{33F3ACB5-B127-4F6D-8237-E431AFEF8E9F} = {E183BD70-8ED4-F912-914C-AF71B2C87DD2}
		{BAA6AA49-9631-87CC-8E95-06CF43B670EC} = {C7ABE05B-17F8-52FD-DC8B-02643D807019}
		{7E30610F-2137-402A-A38C-BE94314899E9} = {BAA6AA49-9631-87CC-8E95-06CF43B670EC}
	EndGlobalSection
	GlobalSection(ExtensibilityGlobals) = postSolution
		SolutionGuid = {7BCC7EE2-E42C-4A7E-9203-9CAD1D7541A0}
	EndGlobalSection
EndGlobal
